// !$*UTF8*$!
{
	archiveVersion = 1;
	classes = {
	};
	objectVersion = 56;
	objects = {

/* Begin PBXBuildFile section */
		813DE2792C2E9B4A0030EDE2 /* AppDelegate.swift in Sources */ = {isa = PBXBuildFile; fileRef = 813DE2782C2E9B4A0030EDE2 /* AppDelegate.swift */; };
		813DE2822C2E9B4C0030EDE2 /* Assets.xcassets in Resources */ = {isa = PBXBuildFile; fileRef = 813DE2812C2E9B4C0030EDE2 /* Assets.xcassets */; };
		813DE2902C2EA1240030EDE2 /* .gitignore in Resources */ = {isa = PBXBuildFile; fileRef = 813DE28F2C2EA1240030EDE2 /* .gitignore */; };
		813DE2922C2EA1290030EDE2 /* .swiftlint.yml in Resources */ = {isa = PBXBuildFile; fileRef = 813DE2912C2EA1290030EDE2 /* .swiftlint.yml */; };
		813DE2972C2EA6470030EDE2 /* LaunchScreen.xib in Resources */ = {isa = PBXBuildFile; fileRef = 813DE2962C2EA6470030EDE2 /* LaunchScreen.xib */; };
		813DE29F2C2EAC470030EDE2 /* InfoPlist.strings in Resources */ = {isa = PBXBuildFile; fileRef = 813DE29D2C2EAC470030EDE2 /* InfoPlist.strings */; };
		813DE2A22C2EAC610030EDE2 /* Localizable.strings in Resources */ = {isa = PBXBuildFile; fileRef = 813DE2A02C2EAC610030EDE2 /* Localizable.strings */; };
		813DE2A72C2EBD460030EDE2 /* Coordinator.swift in Sources */ = {isa = PBXBuildFile; fileRef = 813DE2A62C2EBD460030EDE2 /* Coordinator.swift */; };
		813DE2A92C2EBD880030EDE2 /* MainCoordinator.swift in Sources */ = {isa = PBXBuildFile; fileRef = 813DE2A82C2EBD880030EDE2 /* MainCoordinator.swift */; };
		813DE2B12C2EBE1C0030EDE2 /* MainScreenViewController.swift in Sources */ = {isa = PBXBuildFile; fileRef = 813DE2AC2C2EBE1C0030EDE2 /* MainScreenViewController.swift */; };
		813DE2B22C2EBE1C0030EDE2 /* MainScreenAssembly.swift in Sources */ = {isa = PBXBuildFile; fileRef = 813DE2AD2C2EBE1C0030EDE2 /* MainScreenAssembly.swift */; };
		813DE2B32C2EBE1C0030EDE2 /* MainScreenViewModel.swift in Sources */ = {isa = PBXBuildFile; fileRef = 813DE2AE2C2EBE1C0030EDE2 /* MainScreenViewModel.swift */; };
		813DE2B72C2EC9C40030EDE2 /* ThemeManager.swift in Sources */ = {isa = PBXBuildFile; fileRef = 813DE2B62C2EC9C40030EDE2 /* ThemeManager.swift */; };
		813DE2BD2C2EE7F60030EDE2 /* UserDefaultsManager.swift in Sources */ = {isa = PBXBuildFile; fileRef = 813DE2BC2C2EE7F60030EDE2 /* UserDefaultsManager.swift */; };
		813DE2C22C2EF2D20030EDE2 /* MainScreenUICollectionView.swift in Sources */ = {isa = PBXBuildFile; fileRef = 813DE2C12C2EF2D20030EDE2 /* MainScreenUICollectionView.swift */; };
		813DE2C42C2EF59E0030EDE2 /* MainScreenUICollectionViewCollectionViewCell.swift in Sources */ = {isa = PBXBuildFile; fileRef = 813DE2C32C2EF59E0030EDE2 /* MainScreenUICollectionViewCollectionViewCell.swift */; };
		813DE2CA2C2F05DF0030EDE2 /* UICollectionViewCell+Extension.swift in Sources */ = {isa = PBXBuildFile; fileRef = 813DE2C92C2F05DF0030EDE2 /* UICollectionViewCell+Extension.swift */; };
		813DE2CC2C2F061E0030EDE2 /* UICollectionView+Extenstion.swift in Sources */ = {isa = PBXBuildFile; fileRef = 813DE2CB2C2F061E0030EDE2 /* UICollectionView+Extenstion.swift */; };
		813DE2D02C2F0BD90030EDE2 /* MainScreenPlaceholderUICollectionViewCollectionViewCell.swift in Sources */ = {isa = PBXBuildFile; fileRef = 813DE2CF2C2F0BD90030EDE2 /* MainScreenPlaceholderUICollectionViewCollectionViewCell.swift */; };
		813DE2D32C306CB90030EDE2 /* DebugPrint.swift in Sources */ = {isa = PBXBuildFile; fileRef = 813DE2D22C306CB90030EDE2 /* DebugPrint.swift */; };
		813DE2DB2C306E550030EDE2 /* BookScreenViewController.swift in Sources */ = {isa = PBXBuildFile; fileRef = 813DE2D62C306E550030EDE2 /* BookScreenViewController.swift */; };
		813DE2DC2C306E550030EDE2 /* BookScreenAssembly.swift in Sources */ = {isa = PBXBuildFile; fileRef = 813DE2D72C306E550030EDE2 /* BookScreenAssembly.swift */; };
		813DE2DD2C306E550030EDE2 /* BookScreenViewModel.swift in Sources */ = {isa = PBXBuildFile; fileRef = 813DE2D82C306E550030EDE2 /* BookScreenViewModel.swift */; };
		813DE2E02C3131DA0030EDE2 /* BookSorting.swift in Sources */ = {isa = PBXBuildFile; fileRef = 813DE2DF2C3131DA0030EDE2 /* BookSorting.swift */; };
		813DE2E32C3153100030EDE2 /* BookScreenUICollectionView.swift in Sources */ = {isa = PBXBuildFile; fileRef = 813DE2E22C3153100030EDE2 /* BookScreenUICollectionView.swift */; };
		813DE2E52C31538E0030EDE2 /* BookScreenUICollectionViewCollectionViewCell.swift in Sources */ = {isa = PBXBuildFile; fileRef = 813DE2E42C31538E0030EDE2 /* BookScreenUICollectionViewCollectionViewCell.swift */; };
		813DE2E72C31609A0030EDE2 /* Optional+Extension.swift in Sources */ = {isa = PBXBuildFile; fileRef = 813DE2E62C31609A0030EDE2 /* Optional+Extension.swift */; };
		813DE2EB2C330E120030EDE2 /* Library.xcdatamodeld in Sources */ = {isa = PBXBuildFile; fileRef = 813DE2E92C330E120030EDE2 /* Library.xcdatamodeld */; };
		813DE2EE2C330F660030EDE2 /* Book+CoreDataClass.swift in Sources */ = {isa = PBXBuildFile; fileRef = 813DE2EC2C330F660030EDE2 /* Book+CoreDataClass.swift */; };
		813DE2EF2C330F660030EDE2 /* Book+CoreDataProperties.swift in Sources */ = {isa = PBXBuildFile; fileRef = 813DE2ED2C330F660030EDE2 /* Book+CoreDataProperties.swift */; };
		813DE2F12C3311C20030EDE2 /* CoreDataManager.swift in Sources */ = {isa = PBXBuildFile; fileRef = 813DE2F02C3311C20030EDE2 /* CoreDataManager.swift */; };
		813DE2F52C33AB320030EDE2 /* Debouncer.swift in Sources */ = {isa = PBXBuildFile; fileRef = 813DE2F42C33AB320030EDE2 /* Debouncer.swift */; };
/* End PBXBuildFile section */

/* Begin PBXFileReference section */
		813DE2752C2E9B4A0030EDE2 /* DNSLibrary.app */ = {isa = PBXFileReference; explicitFileType = wrapper.application; includeInIndex = 0; path = DNSLibrary.app; sourceTree = BUILT_PRODUCTS_DIR; };
		813DE2782C2E9B4A0030EDE2 /* AppDelegate.swift */ = {isa = PBXFileReference; lastKnownFileType = sourcecode.swift; path = AppDelegate.swift; sourceTree = "<group>"; };
		813DE2812C2E9B4C0030EDE2 /* Assets.xcassets */ = {isa = PBXFileReference; lastKnownFileType = folder.assetcatalog; path = Assets.xcassets; sourceTree = "<group>"; };
		813DE28F2C2EA1240030EDE2 /* .gitignore */ = {isa = PBXFileReference; fileEncoding = 4; lastKnownFileType = text; path = .gitignore; sourceTree = SOURCE_ROOT; };
		813DE2912C2EA1290030EDE2 /* .swiftlint.yml */ = {isa = PBXFileReference; fileEncoding = 4; lastKnownFileType = text.yaml; path = .swiftlint.yml; sourceTree = SOURCE_ROOT; };
		813DE2962C2EA6470030EDE2 /* LaunchScreen.xib */ = {isa = PBXFileReference; lastKnownFileType = file.xib; path = LaunchScreen.xib; sourceTree = "<group>"; };
		813DE29E2C2EAC470030EDE2 /* en */ = {isa = PBXFileReference; lastKnownFileType = text.plist.strings; name = en; path = en.lproj/InfoPlist.strings; sourceTree = "<group>"; };
		813DE2A12C2EAC610030EDE2 /* en */ = {isa = PBXFileReference; lastKnownFileType = text.plist.strings; name = en; path = en.lproj/Localizable.strings; sourceTree = "<group>"; };
		813DE2A32C2EAC6E0030EDE2 /* ru */ = {isa = PBXFileReference; lastKnownFileType = text.plist.strings; name = ru; path = ru.lproj/InfoPlist.strings; sourceTree = "<group>"; };
		813DE2A42C2EAC6E0030EDE2 /* ru */ = {isa = PBXFileReference; lastKnownFileType = text.plist.strings; name = ru; path = ru.lproj/Localizable.strings; sourceTree = "<group>"; };
		813DE2A62C2EBD460030EDE2 /* Coordinator.swift */ = {isa = PBXFileReference; lastKnownFileType = sourcecode.swift; path = Coordinator.swift; sourceTree = "<group>"; };
		813DE2A82C2EBD880030EDE2 /* MainCoordinator.swift */ = {isa = PBXFileReference; lastKnownFileType = sourcecode.swift; path = MainCoordinator.swift; sourceTree = "<group>"; };
		813DE2AC2C2EBE1C0030EDE2 /* MainScreenViewController.swift */ = {isa = PBXFileReference; lastKnownFileType = sourcecode.swift; path = MainScreenViewController.swift; sourceTree = "<group>"; };
		813DE2AD2C2EBE1C0030EDE2 /* MainScreenAssembly.swift */ = {isa = PBXFileReference; lastKnownFileType = sourcecode.swift; path = MainScreenAssembly.swift; sourceTree = "<group>"; };
		813DE2AE2C2EBE1C0030EDE2 /* MainScreenViewModel.swift */ = {isa = PBXFileReference; lastKnownFileType = sourcecode.swift; path = MainScreenViewModel.swift; sourceTree = "<group>"; };
		813DE2B62C2EC9C40030EDE2 /* ThemeManager.swift */ = {isa = PBXFileReference; lastKnownFileType = sourcecode.swift; path = ThemeManager.swift; sourceTree = "<group>"; };
		813DE2BC2C2EE7F60030EDE2 /* UserDefaultsManager.swift */ = {isa = PBXFileReference; lastKnownFileType = sourcecode.swift; path = UserDefaultsManager.swift; sourceTree = "<group>"; };
		813DE2C12C2EF2D20030EDE2 /* MainScreenUICollectionView.swift */ = {isa = PBXFileReference; lastKnownFileType = sourcecode.swift; path = MainScreenUICollectionView.swift; sourceTree = "<group>"; };
		813DE2C32C2EF59E0030EDE2 /* MainScreenUICollectionViewCollectionViewCell.swift */ = {isa = PBXFileReference; lastKnownFileType = sourcecode.swift; path = MainScreenUICollectionViewCollectionViewCell.swift; sourceTree = "<group>"; };
		813DE2C92C2F05DF0030EDE2 /* UICollectionViewCell+Extension.swift */ = {isa = PBXFileReference; lastKnownFileType = sourcecode.swift; path = "UICollectionViewCell+Extension.swift"; sourceTree = "<group>"; };
		813DE2CB2C2F061E0030EDE2 /* UICollectionView+Extenstion.swift */ = {isa = PBXFileReference; lastKnownFileType = sourcecode.swift; path = "UICollectionView+Extenstion.swift"; sourceTree = "<group>"; };
		813DE2CF2C2F0BD90030EDE2 /* MainScreenPlaceholderUICollectionViewCollectionViewCell.swift */ = {isa = PBXFileReference; fileEncoding = 4; lastKnownFileType = sourcecode.swift; path = MainScreenPlaceholderUICollectionViewCollectionViewCell.swift; sourceTree = "<group>"; };
		813DE2D12C2FC4140030EDE2 /* PrivacyInfo.xcprivacy */ = {isa = PBXFileReference; lastKnownFileType = text.xml; path = PrivacyInfo.xcprivacy; sourceTree = "<group>"; };
		813DE2D22C306CB90030EDE2 /* DebugPrint.swift */ = {isa = PBXFileReference; lastKnownFileType = sourcecode.swift; path = DebugPrint.swift; sourceTree = "<group>"; };
		813DE2D62C306E550030EDE2 /* BookScreenViewController.swift */ = {isa = PBXFileReference; lastKnownFileType = sourcecode.swift; path = BookScreenViewController.swift; sourceTree = "<group>"; };
		813DE2D72C306E550030EDE2 /* BookScreenAssembly.swift */ = {isa = PBXFileReference; lastKnownFileType = sourcecode.swift; path = BookScreenAssembly.swift; sourceTree = "<group>"; };
		813DE2D82C306E550030EDE2 /* BookScreenViewModel.swift */ = {isa = PBXFileReference; lastKnownFileType = sourcecode.swift; path = BookScreenViewModel.swift; sourceTree = "<group>"; };
		813DE2DF2C3131DA0030EDE2 /* BookSorting.swift */ = {isa = PBXFileReference; lastKnownFileType = sourcecode.swift; path = BookSorting.swift; sourceTree = "<group>"; };
		813DE2E22C3153100030EDE2 /* BookScreenUICollectionView.swift */ = {isa = PBXFileReference; lastKnownFileType = sourcecode.swift; path = BookScreenUICollectionView.swift; sourceTree = "<group>"; };
		813DE2E42C31538E0030EDE2 /* BookScreenUICollectionViewCollectionViewCell.swift */ = {isa = PBXFileReference; lastKnownFileType = sourcecode.swift; path = BookScreenUICollectionViewCollectionViewCell.swift; sourceTree = "<group>"; };
		813DE2E62C31609A0030EDE2 /* Optional+Extension.swift */ = {isa = PBXFileReference; lastKnownFileType = sourcecode.swift; path = "Optional+Extension.swift"; sourceTree = "<group>"; };
		813DE2EA2C330E120030EDE2 /* Library.xcdatamodel */ = {isa = PBXFileReference; lastKnownFileType = wrapper.xcdatamodel; path = Library.xcdatamodel; sourceTree = "<group>"; };
		813DE2EC2C330F660030EDE2 /* Book+CoreDataClass.swift */ = {isa = PBXFileReference; lastKnownFileType = sourcecode.swift; path = "Book+CoreDataClass.swift"; sourceTree = "<group>"; };
		813DE2ED2C330F660030EDE2 /* Book+CoreDataProperties.swift */ = {isa = PBXFileReference; lastKnownFileType = sourcecode.swift; path = "Book+CoreDataProperties.swift"; sourceTree = "<group>"; };
		813DE2F02C3311C20030EDE2 /* CoreDataManager.swift */ = {isa = PBXFileReference; lastKnownFileType = sourcecode.swift; path = CoreDataManager.swift; sourceTree = "<group>"; };
		813DE2F42C33AB320030EDE2 /* Debouncer.swift */ = {isa = PBXFileReference; lastKnownFileType = sourcecode.swift; path = Debouncer.swift; sourceTree = "<group>"; };
/* End PBXFileReference section */

/* Begin PBXFrameworksBuildPhase section */
		813DE2722C2E9B4A0030EDE2 /* Frameworks */ = {
			isa = PBXFrameworksBuildPhase;
			buildActionMask = 2147483647;
			files = (
			);
			runOnlyForDeploymentPostprocessing = 0;
		};
/* End PBXFrameworksBuildPhase section */

/* Begin PBXGroup section */
		813DE26C2C2E9B4A0030EDE2 = {
			isa = PBXGroup;
			children = (
				813DE2772C2E9B4A0030EDE2 /* DNSLibrary */,
				813DE2762C2E9B4A0030EDE2 /* Products */,
			);
			sourceTree = "<group>";
		};
		813DE2762C2E9B4A0030EDE2 /* Products */ = {
			isa = PBXGroup;
			children = (
				813DE2752C2E9B4A0030EDE2 /* DNSLibrary.app */,
			);
			name = Products;
			sourceTree = "<group>";
		};
		813DE2772C2E9B4A0030EDE2 /* DNSLibrary */ = {
			isa = PBXGroup;
			children = (
				813DE2CE2C2F07830030EDE2 /* Protocols */,
				813DE28C2C2EA0680030EDE2 /* Environment */,
				813DE2C82C2F05CE0030EDE2 /* Extensions */,
				813DE2CD2C2F07730030EDE2 /* Managers */,
				813DE2C52C2EFE7E0030EDE2 /* Models */,
				813DE28D2C2EA0760030EDE2 /* Modules */,
				813DE28E2C2EA0800030EDE2 /* Resources */,
			);
			path = DNSLibrary;
			sourceTree = "<group>";
		};
		813DE28C2C2EA0680030EDE2 /* Environment */ = {
			isa = PBXGroup;
			children = (
				813DE28F2C2EA1240030EDE2 /* .gitignore */,
				813DE2912C2EA1290030EDE2 /* .swiftlint.yml */,
				813DE2782C2E9B4A0030EDE2 /* AppDelegate.swift */,
				813DE2A82C2EBD880030EDE2 /* MainCoordinator.swift */,
				813DE2D12C2FC4140030EDE2 /* PrivacyInfo.xcprivacy */,
			);
			path = Environment;
			sourceTree = "<group>";
		};
		813DE28D2C2EA0760030EDE2 /* Modules */ = {
			isa = PBXGroup;
			children = (
				813DE2952C2EA61D0030EDE2 /* LaunchScreen */,
				813DE2AA2C2EBE060030EDE2 /* MainScreen */,
				813DE2D42C306E3D0030EDE2 /* BookScreen */,
			);
			path = Modules;
			sourceTree = "<group>";
		};
		813DE28E2C2EA0800030EDE2 /* Resources */ = {
			isa = PBXGroup;
			children = (
				813DE2812C2E9B4C0030EDE2 /* Assets.xcassets */,
				813DE2D22C306CB90030EDE2 /* DebugPrint.swift */,
				813DE2F42C33AB320030EDE2 /* Debouncer.swift */,
				813DE29D2C2EAC470030EDE2 /* InfoPlist.strings */,
				813DE2A02C2EAC610030EDE2 /* Localizable.strings */,
			);
			path = Resources;
			sourceTree = "<group>";
		};
		813DE2952C2EA61D0030EDE2 /* LaunchScreen */ = {
			isa = PBXGroup;
			children = (
				813DE2962C2EA6470030EDE2 /* LaunchScreen.xib */,
			);
			path = LaunchScreen;
			sourceTree = "<group>";
		};
		813DE2AA2C2EBE060030EDE2 /* MainScreen */ = {
			isa = PBXGroup;
			children = (
				813DE2AD2C2EBE1C0030EDE2 /* MainScreenAssembly.swift */,
				813DE2AE2C2EBE1C0030EDE2 /* MainScreenViewModel.swift */,
				813DE2AC2C2EBE1C0030EDE2 /* MainScreenViewController.swift */,
				813DE2BE2C2EF0A40030EDE2 /* Common */,
			);
			path = MainScreen;
			sourceTree = "<group>";
		};
		813DE2BE2C2EF0A40030EDE2 /* Common */ = {
			isa = PBXGroup;
			children = (
				813DE2C12C2EF2D20030EDE2 /* MainScreenUICollectionView.swift */,
				813DE2C32C2EF59E0030EDE2 /* MainScreenUICollectionViewCollectionViewCell.swift */,
				813DE2CF2C2F0BD90030EDE2 /* MainScreenPlaceholderUICollectionViewCollectionViewCell.swift */,
			);
			path = Common;
			sourceTree = "<group>";
		};
		813DE2C52C2EFE7E0030EDE2 /* Models */ = {
			isa = PBXGroup;
			children = (
				813DE2DF2C3131DA0030EDE2 /* BookSorting.swift */,
				813DE2E92C330E120030EDE2 /* Library.xcdatamodeld */,
				813DE2EC2C330F660030EDE2 /* Book+CoreDataClass.swift */,
				813DE2ED2C330F660030EDE2 /* Book+CoreDataProperties.swift */,
			);
			path = Models;
			sourceTree = "<group>";
		};
		813DE2C82C2F05CE0030EDE2 /* Extensions */ = {
			isa = PBXGroup;
			children = (
				813DE2CB2C2F061E0030EDE2 /* UICollectionView+Extenstion.swift */,
				813DE2C92C2F05DF0030EDE2 /* UICollectionViewCell+Extension.swift */,
				813DE2E62C31609A0030EDE2 /* Optional+Extension.swift */,
			);
			path = Extensions;
			sourceTree = "<group>";
		};
		813DE2CD2C2F07730030EDE2 /* Managers */ = {
			isa = PBXGroup;
			children = (
				813DE2F02C3311C20030EDE2 /* CoreDataManager.swift */,
				813DE2B62C2EC9C40030EDE2 /* ThemeManager.swift */,
				813DE2BC2C2EE7F60030EDE2 /* UserDefaultsManager.swift */,
			);
			path = Managers;
			sourceTree = "<group>";
		};
		813DE2CE2C2F07830030EDE2 /* Protocols */ = {
			isa = PBXGroup;
			children = (
				813DE2A62C2EBD460030EDE2 /* Coordinator.swift */,
			);
			path = Protocols;
			sourceTree = "<group>";
		};
		813DE2D42C306E3D0030EDE2 /* BookScreen */ = {
			isa = PBXGroup;
			children = (
				813DE2D72C306E550030EDE2 /* BookScreenAssembly.swift */,
				813DE2D82C306E550030EDE2 /* BookScreenViewModel.swift */,
				813DE2D62C306E550030EDE2 /* BookScreenViewController.swift */,
				813DE2E12C3152F00030EDE2 /* Common */,
			);
			path = BookScreen;
			sourceTree = "<group>";
		};
		813DE2E12C3152F00030EDE2 /* Common */ = {
			isa = PBXGroup;
			children = (
				813DE2E22C3153100030EDE2 /* BookScreenUICollectionView.swift */,
				813DE2E42C31538E0030EDE2 /* BookScreenUICollectionViewCollectionViewCell.swift */,
			);
			path = Common;
			sourceTree = "<group>";
		};
/* End PBXGroup section */

/* Begin PBXNativeTarget section */
		813DE2742C2E9B4A0030EDE2 /* DNSLibrary */ = {
			isa = PBXNativeTarget;
			buildConfigurationList = 813DE2892C2E9B4C0030EDE2 /* Build configuration list for PBXNativeTarget "DNSLibrary" */;
			buildPhases = (
				813DE2712C2E9B4A0030EDE2 /* Sources */,
				813DE2932C2EA1870030EDE2 /* SwiftLint */,
				813DE2722C2E9B4A0030EDE2 /* Frameworks */,
				813DE2732C2E9B4A0030EDE2 /* Resources */,
			);
			buildRules = (
			);
			dependencies = (
			);
			name = DNSLibrary;
			productName = DNSLibrary;
			productReference = 813DE2752C2E9B4A0030EDE2 /* DNSLibrary.app */;
			productType = "com.apple.product-type.application";
		};
/* End PBXNativeTarget section */

/* Begin PBXProject section */
		813DE26D2C2E9B4A0030EDE2 /* Project object */ = {
			isa = PBXProject;
			attributes = {
				BuildIndependentTargetsInParallel = 1;
				LastSwiftUpdateCheck = 1540;
				LastUpgradeCheck = 1540;
				TargetAttributes = {
					813DE2742C2E9B4A0030EDE2 = {
						CreatedOnToolsVersion = 15.4;
					};
				};
			};
			buildConfigurationList = 813DE2702C2E9B4A0030EDE2 /* Build configuration list for PBXProject "DNSLibrary" */;
			compatibilityVersion = "Xcode 14.0";
			developmentRegion = ru;
			hasScannedForEncodings = 0;
			knownRegions = (
				en,
				Base,
				ru,
			);
			mainGroup = 813DE26C2C2E9B4A0030EDE2;
			productRefGroup = 813DE2762C2E9B4A0030EDE2 /* Products */;
			projectDirPath = "";
			projectRoot = "";
			targets = (
				813DE2742C2E9B4A0030EDE2 /* DNSLibrary */,
			);
		};
/* End PBXProject section */

/* Begin PBXResourcesBuildPhase section */
		813DE2732C2E9B4A0030EDE2 /* Resources */ = {
			isa = PBXResourcesBuildPhase;
			buildActionMask = 2147483647;
			files = (
				813DE2972C2EA6470030EDE2 /* LaunchScreen.xib in Resources */,
				813DE2A22C2EAC610030EDE2 /* Localizable.strings in Resources */,
				813DE2922C2EA1290030EDE2 /* .swiftlint.yml in Resources */,
				813DE2902C2EA1240030EDE2 /* .gitignore in Resources */,
				813DE2822C2E9B4C0030EDE2 /* Assets.xcassets in Resources */,
				813DE29F2C2EAC470030EDE2 /* InfoPlist.strings in Resources */,
			);
			runOnlyForDeploymentPostprocessing = 0;
		};
/* End PBXResourcesBuildPhase section */

/* Begin PBXShellScriptBuildPhase section */
		813DE2932C2EA1870030EDE2 /* SwiftLint */ = {
			isa = PBXShellScriptBuildPhase;
			alwaysOutOfDate = 1;
			buildActionMask = 2147483647;
			files = (
			);
			inputFileListPaths = (
			);
			inputPaths = (
			);
			name = SwiftLint;
			outputFileListPaths = (
			);
			outputPaths = (
			);
			runOnlyForDeploymentPostprocessing = 0;
			shellPath = /bin/sh;
			shellScript = "export PATH=\"$PATH:/opt/homebrew/bin\"\nif which swiftlint >/dev/null; then\n  swiftlint\nelse\n  echo \"warning: SwiftLint not installed, download from https://github.com/realm/SwiftLint\"\nfi\n";
		};
/* End PBXShellScriptBuildPhase section */

/* Begin PBXSourcesBuildPhase section */
		813DE2712C2E9B4A0030EDE2 /* Sources */ = {
			isa = PBXSourcesBuildPhase;
			buildActionMask = 2147483647;
			files = (
				813DE2C42C2EF59E0030EDE2 /* MainScreenUICollectionViewCollectionViewCell.swift in Sources */,
				813DE2CC2C2F061E0030EDE2 /* UICollectionView+Extenstion.swift in Sources */,
				813DE2A72C2EBD460030EDE2 /* Coordinator.swift in Sources */,
				813DE2B12C2EBE1C0030EDE2 /* MainScreenViewController.swift in Sources */,
				813DE2E52C31538E0030EDE2 /* BookScreenUICollectionViewCollectionViewCell.swift in Sources */,
				813DE2B22C2EBE1C0030EDE2 /* MainScreenAssembly.swift in Sources */,
				813DE2EB2C330E120030EDE2 /* Library.xcdatamodeld in Sources */,
				813DE2C22C2EF2D20030EDE2 /* MainScreenUICollectionView.swift in Sources */,
				813DE2B32C2EBE1C0030EDE2 /* MainScreenViewModel.swift in Sources */,
				813DE2A92C2EBD880030EDE2 /* MainCoordinator.swift in Sources */,
				813DE2E02C3131DA0030EDE2 /* BookSorting.swift in Sources */,
				813DE2EE2C330F660030EDE2 /* Book+CoreDataClass.swift in Sources */,
				813DE2EF2C330F660030EDE2 /* Book+CoreDataProperties.swift in Sources */,
				813DE2DB2C306E550030EDE2 /* BookScreenViewController.swift in Sources */,
				813DE2DC2C306E550030EDE2 /* BookScreenAssembly.swift in Sources */,
				813DE2DD2C306E550030EDE2 /* BookScreenViewModel.swift in Sources */,
				813DE2792C2E9B4A0030EDE2 /* AppDelegate.swift in Sources */,
				813DE2CA2C2F05DF0030EDE2 /* UICollectionViewCell+Extension.swift in Sources */,
				813DE2F12C3311C20030EDE2 /* CoreDataManager.swift in Sources */,
				813DE2BD2C2EE7F60030EDE2 /* UserDefaultsManager.swift in Sources */,
				813DE2E72C31609A0030EDE2 /* Optional+Extension.swift in Sources */,
				813DE2D02C2F0BD90030EDE2 /* MainScreenPlaceholderUICollectionViewCollectionViewCell.swift in Sources */,
				813DE2B72C2EC9C40030EDE2 /* ThemeManager.swift in Sources */,
				813DE2F52C33AB320030EDE2 /* Debouncer.swift in Sources */,
				813DE2E32C3153100030EDE2 /* BookScreenUICollectionView.swift in Sources */,
				813DE2D32C306CB90030EDE2 /* DebugPrint.swift in Sources */,
			);
			runOnlyForDeploymentPostprocessing = 0;
		};
/* End PBXSourcesBuildPhase section */

/* Begin PBXVariantGroup section */
		813DE29D2C2EAC470030EDE2 /* InfoPlist.strings */ = {
			isa = PBXVariantGroup;
			children = (
				813DE29E2C2EAC470030EDE2 /* en */,
				813DE2A32C2EAC6E0030EDE2 /* ru */,
			);
			name = InfoPlist.strings;
			sourceTree = "<group>";
		};
		813DE2A02C2EAC610030EDE2 /* Localizable.strings */ = {
			isa = PBXVariantGroup;
			children = (
				813DE2A12C2EAC610030EDE2 /* en */,
				813DE2A42C2EAC6E0030EDE2 /* ru */,
			);
			name = Localizable.strings;
			sourceTree = "<group>";
		};
/* End PBXVariantGroup section */

/* Begin XCBuildConfiguration section */
		813DE2872C2E9B4C0030EDE2 /* Debug */ = {
			isa = XCBuildConfiguration;
			buildSettings = {
				ALWAYS_SEARCH_USER_PATHS = NO;
				ASSETCATALOG_COMPILER_GENERATE_SWIFT_ASSET_SYMBOL_EXTENSIONS = YES;
				CLANG_ANALYZER_LOCALIZABILITY_NONLOCALIZED = YES;
				CLANG_ANALYZER_NONNULL = YES;
				CLANG_ANALYZER_NUMBER_OBJECT_CONVERSION = YES_AGGRESSIVE;
				CLANG_CXX_LANGUAGE_STANDARD = "gnu++20";
				CLANG_ENABLE_MODULES = YES;
				CLANG_ENABLE_OBJC_ARC = YES;
				CLANG_ENABLE_OBJC_WEAK = YES;
				CLANG_WARN_BLOCK_CAPTURE_AUTORELEASING = YES;
				CLANG_WARN_BOOL_CONVERSION = YES;
				CLANG_WARN_COMMA = YES;
				CLANG_WARN_CONSTANT_CONVERSION = YES;
				CLANG_WARN_DEPRECATED_OBJC_IMPLEMENTATIONS = YES;
				CLANG_WARN_DIRECT_OBJC_ISA_USAGE = YES_ERROR;
				CLANG_WARN_DOCUMENTATION_COMMENTS = YES;
				CLANG_WARN_EMPTY_BODY = YES;
				CLANG_WARN_ENUM_CONVERSION = YES;
				CLANG_WARN_INFINITE_RECURSION = YES;
				CLANG_WARN_INT_CONVERSION = YES;
				CLANG_WARN_NON_LITERAL_NULL_CONVERSION = YES;
				CLANG_WARN_OBJC_IMPLICIT_RETAIN_SELF = YES;
				CLANG_WARN_OBJC_LITERAL_CONVERSION = YES;
				CLANG_WARN_OBJC_ROOT_CLASS = YES_ERROR;
				CLANG_WARN_QUOTED_INCLUDE_IN_FRAMEWORK_HEADER = YES;
				CLANG_WARN_RANGE_LOOP_ANALYSIS = YES;
				CLANG_WARN_STRICT_PROTOTYPES = YES;
				CLANG_WARN_SUSPICIOUS_MOVE = YES;
				CLANG_WARN_UNGUARDED_AVAILABILITY = YES_AGGRESSIVE;
				CLANG_WARN_UNREACHABLE_CODE = YES;
				CLANG_WARN__DUPLICATE_METHOD_MATCH = YES;
				COPY_PHASE_STRIP = NO;
				DEBUG_INFORMATION_FORMAT = dwarf;
				ENABLE_STRICT_OBJC_MSGSEND = YES;
				ENABLE_TESTABILITY = YES;
				ENABLE_USER_SCRIPT_SANDBOXING = YES;
				GCC_C_LANGUAGE_STANDARD = gnu17;
				GCC_DYNAMIC_NO_PIC = NO;
				GCC_NO_COMMON_BLOCKS = YES;
				GCC_OPTIMIZATION_LEVEL = 0;
				GCC_PREPROCESSOR_DEFINITIONS = (
					"DEBUG=1",
					"$(inherited)",
				);
				GCC_WARN_64_TO_32_BIT_CONVERSION = YES;
				GCC_WARN_ABOUT_RETURN_TYPE = YES_ERROR;
				GCC_WARN_UNDECLARED_SELECTOR = YES;
				GCC_WARN_UNINITIALIZED_AUTOS = YES_AGGRESSIVE;
				GCC_WARN_UNUSED_FUNCTION = YES;
				GCC_WARN_UNUSED_VARIABLE = YES;
				IPHONEOS_DEPLOYMENT_TARGET = 17.5;
				LOCALIZATION_PREFERS_STRING_CATALOGS = YES;
				MTL_ENABLE_DEBUG_INFO = INCLUDE_SOURCE;
				MTL_FAST_MATH = YES;
				ONLY_ACTIVE_ARCH = YES;
				SDKROOT = iphoneos;
				SWIFT_ACTIVE_COMPILATION_CONDITIONS = "DEBUG $(inherited)";
				SWIFT_OPTIMIZATION_LEVEL = "-Onone";
			};
			name = Debug;
		};
		813DE2882C2E9B4C0030EDE2 /* Release */ = {
			isa = XCBuildConfiguration;
			buildSettings = {
				ALWAYS_SEARCH_USER_PATHS = NO;
				ASSETCATALOG_COMPILER_GENERATE_SWIFT_ASSET_SYMBOL_EXTENSIONS = YES;
				CLANG_ANALYZER_LOCALIZABILITY_NONLOCALIZED = YES;
				CLANG_ANALYZER_NONNULL = YES;
				CLANG_ANALYZER_NUMBER_OBJECT_CONVERSION = YES_AGGRESSIVE;
				CLANG_CXX_LANGUAGE_STANDARD = "gnu++20";
				CLANG_ENABLE_MODULES = YES;
				CLANG_ENABLE_OBJC_ARC = YES;
				CLANG_ENABLE_OBJC_WEAK = YES;
				CLANG_WARN_BLOCK_CAPTURE_AUTORELEASING = YES;
				CLANG_WARN_BOOL_CONVERSION = YES;
				CLANG_WARN_COMMA = YES;
				CLANG_WARN_CONSTANT_CONVERSION = YES;
				CLANG_WARN_DEPRECATED_OBJC_IMPLEMENTATIONS = YES;
				CLANG_WARN_DIRECT_OBJC_ISA_USAGE = YES_ERROR;
				CLANG_WARN_DOCUMENTATION_COMMENTS = YES;
				CLANG_WARN_EMPTY_BODY = YES;
				CLANG_WARN_ENUM_CONVERSION = YES;
				CLANG_WARN_INFINITE_RECURSION = YES;
				CLANG_WARN_INT_CONVERSION = YES;
				CLANG_WARN_NON_LITERAL_NULL_CONVERSION = YES;
				CLANG_WARN_OBJC_IMPLICIT_RETAIN_SELF = YES;
				CLANG_WARN_OBJC_LITERAL_CONVERSION = YES;
				CLANG_WARN_OBJC_ROOT_CLASS = YES_ERROR;
				CLANG_WARN_QUOTED_INCLUDE_IN_FRAMEWORK_HEADER = YES;
				CLANG_WARN_RANGE_LOOP_ANALYSIS = YES;
				CLANG_WARN_STRICT_PROTOTYPES = YES;
				CLANG_WARN_SUSPICIOUS_MOVE = YES;
				CLANG_WARN_UNGUARDED_AVAILABILITY = YES_AGGRESSIVE;
				CLANG_WARN_UNREACHABLE_CODE = YES;
				CLANG_WARN__DUPLICATE_METHOD_MATCH = YES;
				COPY_PHASE_STRIP = NO;
				DEBUG_INFORMATION_FORMAT = "dwarf-with-dsym";
				ENABLE_NS_ASSERTIONS = NO;
				ENABLE_STRICT_OBJC_MSGSEND = YES;
				ENABLE_USER_SCRIPT_SANDBOXING = YES;
				GCC_C_LANGUAGE_STANDARD = gnu17;
				GCC_NO_COMMON_BLOCKS = YES;
				GCC_WARN_64_TO_32_BIT_CONVERSION = YES;
				GCC_WARN_ABOUT_RETURN_TYPE = YES_ERROR;
				GCC_WARN_UNDECLARED_SELECTOR = YES;
				GCC_WARN_UNINITIALIZED_AUTOS = YES_AGGRESSIVE;
				GCC_WARN_UNUSED_FUNCTION = YES;
				GCC_WARN_UNUSED_VARIABLE = YES;
				IPHONEOS_DEPLOYMENT_TARGET = 17.5;
				LOCALIZATION_PREFERS_STRING_CATALOGS = YES;
				MTL_ENABLE_DEBUG_INFO = NO;
				MTL_FAST_MATH = YES;
				SDKROOT = iphoneos;
				SWIFT_COMPILATION_MODE = wholemodule;
				VALIDATE_PRODUCT = YES;
			};
			name = Release;
		};
		813DE28A2C2E9B4C0030EDE2 /* Debug */ = {
			isa = XCBuildConfiguration;
			buildSettings = {
				ASSETCATALOG_COMPILER_APPICON_NAME = AppIcon;
				CODE_SIGN_STYLE = Manual;
				CURRENT_PROJECT_VERSION = 1;
				DEVELOPMENT_TEAM = "";
				ENABLE_USER_SCRIPT_SANDBOXING = NO;
				GENERATE_INFOPLIST_FILE = YES;
				INFOPLIST_FILE = DNSLibrary/Info.plist;
				INFOPLIST_KEY_CFBundleDisplayName = "$(CFBundleDisplayName)";
				INFOPLIST_KEY_UIApplicationSupportsIndirectInputEvents = YES;
				INFOPLIST_KEY_UILaunchStoryboardName = LaunchScreen;
				INFOPLIST_KEY_UISupportedInterfaceOrientations = UIInterfaceOrientationPortrait;
				IPHONEOS_DEPLOYMENT_TARGET = 13.0;
				LD_RUNPATH_SEARCH_PATHS = (
					"$(inherited)",
					"@executable_path/Frameworks",
				);
				MARKETING_VERSION = 1.0;
				PRODUCT_BUNDLE_IDENTIFIER = com.unkownidentity.DNSLibrary;
				PRODUCT_NAME = "$(TARGET_NAME)";
				PROVISIONING_PROFILE_SPECIFIER = "";
				SUPPORTED_PLATFORMS = "iphoneos iphonesimulator";
				SUPPORTS_MACCATALYST = NO;
				SUPPORTS_MAC_DESIGNED_FOR_IPHONE_IPAD = NO;
				SUPPORTS_XR_DESIGNED_FOR_IPHONE_IPAD = NO;
				SWIFT_EMIT_LOC_STRINGS = YES;
				SWIFT_STRICT_CONCURRENCY = complete;
				SWIFT_VERSION = 5.0;
				TARGETED_DEVICE_FAMILY = 1;
			};
			name = Debug;
		};
		813DE28B2C2E9B4C0030EDE2 /* Release */ = {
			isa = XCBuildConfiguration;
			buildSettings = {
				ASSETCATALOG_COMPILER_APPICON_NAME = AppIcon;
				CODE_SIGN_STYLE = Manual;
				CURRENT_PROJECT_VERSION = 1;
				DEVELOPMENT_TEAM = "";
				ENABLE_USER_SCRIPT_SANDBOXING = NO;
				GENERATE_INFOPLIST_FILE = YES;
				INFOPLIST_FILE = DNSLibrary/Info.plist;
				INFOPLIST_KEY_CFBundleDisplayName = "$(CFBundleDisplayName)";
				INFOPLIST_KEY_UIApplicationSupportsIndirectInputEvents = YES;
				INFOPLIST_KEY_UILaunchStoryboardName = LaunchScreen;
				INFOPLIST_KEY_UISupportedInterfaceOrientations = UIInterfaceOrientationPortrait;
				IPHONEOS_DEPLOYMENT_TARGET = 13.0;
				LD_RUNPATH_SEARCH_PATHS = (
					"$(inherited)",
					"@executable_path/Frameworks",
				);
				MARKETING_VERSION = 1.0;
				PRODUCT_BUNDLE_IDENTIFIER = com.unkownidentity.DNSLibrary;
				PRODUCT_NAME = "$(TARGET_NAME)";
				PROVISIONING_PROFILE_SPECIFIER = "";
				SUPPORTED_PLATFORMS = "iphoneos iphonesimulator";
				SUPPORTS_MACCATALYST = NO;
				SUPPORTS_MAC_DESIGNED_FOR_IPHONE_IPAD = NO;
				SUPPORTS_XR_DESIGNED_FOR_IPHONE_IPAD = NO;
				SWIFT_EMIT_LOC_STRINGS = YES;
				SWIFT_STRICT_CONCURRENCY = complete;
				SWIFT_VERSION = 5.0;
				TARGETED_DEVICE_FAMILY = 1;
			};
			name = Release;
		};
/* End XCBuildConfiguration section */

/* Begin XCConfigurationList section */
		813DE2702C2E9B4A0030EDE2 /* Build configuration list for PBXProject "DNSLibrary" */ = {
			isa = XCConfigurationList;
			buildConfigurations = (
				813DE2872C2E9B4C0030EDE2 /* Debug */,
				813DE2882C2E9B4C0030EDE2 /* Release */,
			);
			defaultConfigurationIsVisible = 0;
			defaultConfigurationName = Release;
		};
		813DE2892C2E9B4C0030EDE2 /* Build configuration list for PBXNativeTarget "DNSLibrary" */ = {
			isa = XCConfigurationList;
			buildConfigurations = (
				813DE28A2C2E9B4C0030EDE2 /* Debug */,
				813DE28B2C2E9B4C0030EDE2 /* Release */,
			);
			defaultConfigurationIsVisible = 0;
			defaultConfigurationName = Release;
		};
/* End XCConfigurationList section */

/* Begin XCVersionGroup section */
		813DE2E92C330E120030EDE2 /* Library.xcdatamodeld */ = {
			isa = XCVersionGroup;
			children = (
				813DE2EA2C330E120030EDE2 /* Library.xcdatamodel */,
			);
			currentVersion = 813DE2EA2C330E120030EDE2 /* Library.xcdatamodel */;
			name = Library.xcdatamodeld;
			path = /Users/maksimgromov/Desktop/DNSLibrary/DNSLibrary/Models/Library.xcdatamodeld;
			sourceTree = "<group>";
			versionGroupType = wrapper.xcdatamodel;
		};
/* End XCVersionGroup section */
	};
	rootObject = 813DE26D2C2E9B4A0030EDE2 /* Project object */;
}
